// !$*UTF8*$!
{
	archiveVersion = 1;
	classes = {
	};
	objectVersion = 77;
	objects = {

/* Begin PBXContainerItemProxy section */
		1C97CBFA2DD1FC0200D381B8 /* PBXContainerItemProxy */ = {
			isa = PBXContainerItemProxy;
			containerPortal = 1C97CBE22DD1FC0100D381B8 /* Project object */;
			proxyType = 1;
			remoteGlobalIDString = 1C97CBE92DD1FC0100D381B8;
			remoteInfo = "iOS-Boilerplate";
		};
		1C97CC042DD1FC0200D381B8 /* PBXContainerItemProxy */ = {
			isa = PBXContainerItemProxy;
			containerPortal = 1C97CBE22DD1FC0100D381B8 /* Project object */;
			proxyType = 1;
			remoteGlobalIDString = 1C97CBE92DD1FC0100D381B8;
			remoteInfo = "iOS-Boilerplate";
		};
/* End PBXContainerItemProxy section */

/* Begin PBXFileReference section */
		1C97CBEA2DD1FC0100D381B8 /* iOS-Boilerplate.app */ = {isa = PBXFileReference; explicitFileType = wrapper.application; includeInIndex = 0; path = "iOS-Boilerplate.app"; sourceTree = BUILT_PRODUCTS_DIR; };
		1C97CBF92DD1FC0200D381B8 /* iOS-BoilerplateTests.xctest */ = {isa = PBXFileReference; explicitFileType = wrapper.cfbundle; includeInIndex = 0; path = "iOS-BoilerplateTests.xctest"; sourceTree = BUILT_PRODUCTS_DIR; };
		1C97CC032DD1FC0200D381B8 /* iOS-BoilerplateUITests.xctest */ = {isa = PBXFileReference; explicitFileType = wrapper.cfbundle; includeInIndex = 0; path = "iOS-BoilerplateUITests.xctest"; sourceTree = BUILT_PRODUCTS_DIR; };
/* End PBXFileReference section */

/* Begin PBXFileSystemSynchronizedRootGroup section */
		1C97CBEC2DD1FC0100D381B8 /* iOS-Boilerplate */ = {
			isa = PBXFileSystemSynchronizedRootGroup;
			path = "iOS-Boilerplate";
			sourceTree = "<group>";
		};
		1C97CBFC2DD1FC0200D381B8 /* iOS-BoilerplateTests */ = {
			isa = PBXFileSystemSynchronizedRootGroup;
			path = "iOS-BoilerplateTests";
			sourceTree = "<group>";
		};
		1C97CC062DD1FC0200D381B8 /* iOS-BoilerplateUITests */ = {
			isa = PBXFileSystemSynchronizedRootGroup;
			path = "iOS-BoilerplateUITests";
			sourceTree = "<group>";
		};
/* End PBXFileSystemSynchronizedRootGroup section */

/* Begin PBXFrameworksBuildPhase section */
		1C97CBE72DD1FC0100D381B8 /* Frameworks */ = {
			isa = PBXFrameworksBuildPhase;
			buildActionMask = 2147483647;
			files = (
			);
			runOnlyForDeploymentPostprocessing = 0;
		};
		1C97CBF62DD1FC0200D381B8 /* Frameworks */ = {
			isa = PBXFrameworksBuildPhase;
			buildActionMask = 2147483647;
			files = (
			);
			runOnlyForDeploymentPostprocessing = 0;
		};
		1C97CC002DD1FC0200D381B8 /* Frameworks */ = {
			isa = PBXFrameworksBuildPhase;
			buildActionMask = 2147483647;
			files = (
			);
			runOnlyForDeploymentPostprocessing = 0;
		};
/* End PBXFrameworksBuildPhase section */

/* Begin PBXGroup section */
		1C97CBE12DD1FC0100D381B8 = {
			isa = PBXGroup;
			children = (
				1C97CBEC2DD1FC0100D381B8 /* iOS-Boilerplate */,
				1C97CBFC2DD1FC0200D381B8 /* iOS-BoilerplateTests */,
				1C97CC062DD1FC0200D381B8 /* iOS-BoilerplateUITests */,
				1C97CBEB2DD1FC0100D381B8 /* Products */,
			);
			sourceTree = "<group>";
		};
		1C97CBEB2DD1FC0100D381B8 /* Products */ = {
			isa = PBXGroup;
			children = (
				1C97CBEA2DD1FC0100D381B8 /* iOS-Boilerplate.app */,
				1C97CBF92DD1FC0200D381B8 /* iOS-BoilerplateTests.xctest */,
				1C97CC032DD1FC0200D381B8 /* iOS-BoilerplateUITests.xctest */,
			);
			name = Products;
			sourceTree = "<group>";
		};
/* End PBXGroup section */

/* Begin PBXNativeTarget section */
		1C97CBE92DD1FC0100D381B8 /* iOS-Boilerplate */ = {
			isa = PBXNativeTarget;
			buildConfigurationList = 1C97CC0D2DD1FC0200D381B8 /* Build configuration list for PBXNativeTarget "iOS-Boilerplate" */;
			buildPhases = (
				1C97CBE62DD1FC0100D381B8 /* Sources */,
				1C97CBE72DD1FC0100D381B8 /* Frameworks */,
				1C97CBE82DD1FC0100D381B8 /* Resources */,
			);
			buildRules = (
			);
			dependencies = (
			);
			fileSystemSynchronizedGroups = (
				1C97CBEC2DD1FC0100D381B8 /* iOS-Boilerplate */,
			);
			name = "iOS-Boilerplate";
			packageProductDependencies = (
			);
			productName = "iOS-Boilerplate";
			productReference = 1C97CBEA2DD1FC0100D381B8 /* iOS-Boilerplate.app */;
			productType = "com.apple.product-type.application";
		};
		1C97CBF82DD1FC0200D381B8 /* iOS-BoilerplateTests */ = {
			isa = PBXNativeTarget;
			buildConfigurationList = 1C97CC102DD1FC0200D381B8 /* Build configuration list for PBXNativeTarget "iOS-BoilerplateTests" */;
			buildPhases = (
				1C97CBF52DD1FC0200D381B8 /* Sources */,
				1C97CBF62DD1FC0200D381B8 /* Frameworks */,
				1C97CBF72DD1FC0200D381B8 /* Resources */,
			);
			buildRules = (
			);
			dependencies = (
				1C97CBFB2DD1FC0200D381B8 /* PBXTargetDependency */,
			);
			fileSystemSynchronizedGroups = (
				1C97CBFC2DD1FC0200D381B8 /* iOS-BoilerplateTests */,
			);
			name = "iOS-BoilerplateTests";
			packageProductDependencies = (
			);
			productName = "iOS-BoilerplateTests";
			productReference = 1C97CBF92DD1FC0200D381B8 /* iOS-BoilerplateTests.xctest */;
			productType = "com.apple.product-type.bundle.unit-test";
		};
		1C97CC022DD1FC0200D381B8 /* iOS-BoilerplateUITests */ = {
			isa = PBXNativeTarget;
			buildConfigurationList = 1C97CC132DD1FC0200D381B8 /* Build configuration list for PBXNativeTarget "iOS-BoilerplateUITests" */;
			buildPhases = (
				1C97CBFF2DD1FC0200D381B8 /* Sources */,
				1C97CC002DD1FC0200D381B8 /* Frameworks */,
				1C97CC012DD1FC0200D381B8 /* Resources */,
			);
			buildRules = (
			);
			dependencies = (
				1C97CC052DD1FC0200D381B8 /* PBXTargetDependency */,
			);
			fileSystemSynchronizedGroups = (
				1C97CC062DD1FC0200D381B8 /* iOS-BoilerplateUITests */,
			);
			name = "iOS-BoilerplateUITests";
			packageProductDependencies = (
			);
			productName = "iOS-BoilerplateUITests";
			productReference = 1C97CC032DD1FC0200D381B8 /* iOS-BoilerplateUITests.xctest */;
			productType = "com.apple.product-type.bundle.ui-testing";
		};
/* End PBXNativeTarget section */

/* Begin PBXProject section */
		1C97CBE22DD1FC0100D381B8 /* Project object */ = {
			isa = PBXProject;
			attributes = {
				BuildIndependentTargetsInParallel = 1;
				LastSwiftUpdateCheck = 1630;
				LastUpgradeCheck = 1630;
				TargetAttributes = {
					1C97CBE92DD1FC0100D381B8 = {
						CreatedOnToolsVersion = 16.3;
					};
					1C97CBF82DD1FC0200D381B8 = {
						CreatedOnToolsVersion = 16.3;
						TestTargetID = 1C97CBE92DD1FC0100D381B8;
					};
					1C97CC022DD1FC0200D381B8 = {
						CreatedOnToolsVersion = 16.3;
						TestTargetID = 1C97CBE92DD1FC0100D381B8;
					};
				};
			};
			buildConfigurationList = 1C97CBE52DD1FC0100D381B8 /* Build configuration list for PBXProject "iOS-Boilerplate" */;
			developmentRegion = en;
			hasScannedForEncodings = 0;
			knownRegions = (
				en,
				Base,
			);
			mainGroup = 1C97CBE12DD1FC0100D381B8;
			minimizedProjectReferenceProxies = 1;
			preferredProjectObjectVersion = 77;
			productRefGroup = 1C97CBEB2DD1FC0100D381B8 /* Products */;
			projectDirPath = "";
			projectRoot = "";
			targets = (
				1C97CBE92DD1FC0100D381B8 /* iOS-Boilerplate */,
				1C97CBF82DD1FC0200D381B8 /* iOS-BoilerplateTests */,
				1C97CC022DD1FC0200D381B8 /* iOS-BoilerplateUITests */,
			);
		};
/* End PBXProject section */

/* Begin PBXResourcesBuildPhase section */
		1C97CBE82DD1FC0100D381B8 /* Resources */ = {
			isa = PBXResourcesBuildPhase;
			buildActionMask = 2147483647;
			files = (
			);
			runOnlyForDeploymentPostprocessing = 0;
		};
		1C97CBF72DD1FC0200D381B8 /* Resources */ = {
			isa = PBXResourcesBuildPhase;
			buildActionMask = 2147483647;
			files = (
			);
			runOnlyForDeploymentPostprocessing = 0;
		};
		1C97CC012DD1FC0200D381B8 /* Resources */ = {
			isa = PBXResourcesBuildPhase;
			buildActionMask = 2147483647;
			files = (
			);
			runOnlyForDeploymentPostprocessing = 0;
		};
/* End PBXResourcesBuildPhase section */

/* Begin PBXSourcesBuildPhase section */
		1C97CBE62DD1FC0100D381B8 /* Sources */ = {
			isa = PBXSourcesBuildPhase;
			buildActionMask = 2147483647;
			files = (
			);
			runOnlyForDeploymentPostprocessing = 0;
		};
		1C97CBF52DD1FC0200D381B8 /* Sources */ = {
			isa = PBXSourcesBuildPhase;
			buildActionMask = 2147483647;
			files = (
			);
			runOnlyForDeploymentPostprocessing = 0;
		};
		1C97CBFF2DD1FC0200D381B8 /* Sources */ = {
			isa = PBXSourcesBuildPhase;
			buildActionMask = 2147483647;
			files = (
			);
			runOnlyForDeploymentPostprocessing = 0;
		};
/* End PBXSourcesBuildPhase section */

/* Begin PBXTargetDependency section */
		1C97CBFB2DD1FC0200D381B8 /* PBXTargetDependency */ = {
			isa = PBXTargetDependency;
			target = 1C97CBE92DD1FC0100D381B8 /* iOS-Boilerplate */;
			targetProxy = 1C97CBFA2DD1FC0200D381B8 /* PBXContainerItemProxy */;
		};
		1C97CC052DD1FC0200D381B8 /* PBXTargetDependency */ = {
			isa = PBXTargetDependency;
			target = 1C97CBE92DD1FC0100D381B8 /* iOS-Boilerplate */;
			targetProxy = 1C97CC042DD1FC0200D381B8 /* PBXContainerItemProxy */;
		};
/* End PBXTargetDependency section */

/* Begin XCBuildConfiguration section */
		1C97CC0B2DD1FC0200D381B8 /* Debug */ = {
			isa = XCBuildConfiguration;
			buildSettings = {
				ALWAYS_SEARCH_USER_PATHS = NO;
				ASSETCATALOG_COMPILER_GENERATE_SWIFT_ASSET_SYMBOL_EXTENSIONS = YES;
				CLANG_ANALYZER_NONNULL = YES;
				CLANG_ANALYZER_NUMBER_OBJECT_CONVERSION = YES_AGGRESSIVE;
				CLANG_CXX_LANGUAGE_STANDARD = "gnu++20";
				CLANG_ENABLE_MODULES = YES;
				CLANG_ENABLE_OBJC_ARC = YES;
				CLANG_ENABLE_OBJC_WEAK = YES;
				CLANG_WARN_BLOCK_CAPTURE_AUTORELEASING = YES;
				CLANG_WARN_BOOL_CONVERSION = YES;
				CLANG_WARN_COMMA = YES;
				CLANG_WARN_CONSTANT_CONVERSION = YES;
				CLANG_WARN_DEPRECATED_OBJC_IMPLEMENTATIONS = YES;
				CLANG_WARN_DIRECT_OBJC_ISA_USAGE = YES_ERROR;
				CLANG_WARN_DOCUMENTATION_COMMENTS = YES;
				CLANG_WARN_EMPTY_BODY = YES;
				CLANG_WARN_ENUM_CONVERSION = YES;
				CLANG_WARN_INFINITE_RECURSION = YES;
				CLANG_WARN_INT_CONVERSION = YES;
				CLANG_WARN_NON_LITERAL_NULL_CONVERSION = YES;
				CLANG_WARN_OBJC_IMPLICIT_RETAIN_SELF = YES;
				CLANG_WARN_OBJC_LITERAL_CONVERSION = YES;
				CLANG_WARN_OBJC_ROOT_CLASS = YES_ERROR;
				CLANG_WARN_QUOTED_INCLUDE_IN_FRAMEWORK_HEADER = YES;
				CLANG_WARN_RANGE_LOOP_ANALYSIS = YES;
				CLANG_WARN_STRICT_PROTOTYPES = YES;
				CLANG_WARN_SUSPICIOUS_MOVE = YES;
				CLANG_WARN_UNGUARDED_AVAILABILITY = YES_AGGRESSIVE;
				CLANG_WARN_UNREACHABLE_CODE = YES;
				CLANG_WARN__DUPLICATE_METHOD_MATCH = YES;
				COPY_PHASE_STRIP = NO;
				DEBUG_INFORMATION_FORMAT = dwarf;
				ENABLE_STRICT_OBJC_MSGSEND = YES;
				ENABLE_TESTABILITY = YES;
				ENABLE_USER_SCRIPT_SANDBOXING = YES;
				GCC_C_LANGUAGE_STANDARD = gnu17;
				GCC_DYNAMIC_NO_PIC = NO;
				GCC_NO_COMMON_BLOCKS = YES;
				GCC_OPTIMIZATION_LEVEL = 0;
				GCC_PREPROCESSOR_DEFINITIONS = (
					"DEBUG=1",
					"$(inherited)",
				);
				GCC_WARN_64_TO_32_BIT_CONVERSION = YES;
				GCC_WARN_ABOUT_RETURN_TYPE = YES_ERROR;
				GCC_WARN_UNDECLARED_SELECTOR = YES;
				GCC_WARN_UNINITIALIZED_AUTOS = YES_AGGRESSIVE;
				GCC_WARN_UNUSED_FUNCTION = YES;
				GCC_WARN_UNUSED_VARIABLE = YES;
				IPHONEOS_DEPLOYMENT_TARGET = 18.4;
				LOCALIZATION_PREFERS_STRING_CATALOGS = YES;
				MTL_ENABLE_DEBUG_INFO = INCLUDE_SOURCE;
				MTL_FAST_MATH = YES;
				ONLY_ACTIVE_ARCH = YES;
				SDKROOT = iphoneos;
				SWIFT_ACTIVE_COMPILATION_CONDITIONS = "DEBUG $(inherited)";
				SWIFT_OPTIMIZATION_LEVEL = "-Onone";
			};
			name = Debug;
		};
		1C97CC0C2DD1FC0200D381B8 /* Release */ = {
			isa = XCBuildConfiguration;
			buildSettings = {
				ALWAYS_SEARCH_USER_PATHS = NO;
				ASSETCATALOG_COMPILER_GENERATE_SWIFT_ASSET_SYMBOL_EXTENSIONS = YES;
				CLANG_ANALYZER_NONNULL = YES;
				CLANG_ANALYZER_NUMBER_OBJECT_CONVERSION = YES_AGGRESSIVE;
				CLANG_CXX_LANGUAGE_STANDARD = "gnu++20";
				CLANG_ENABLE_MODULES = YES;
				CLANG_ENABLE_OBJC_ARC = YES;
				CLANG_ENABLE_OBJC_WEAK = YES;
				CLANG_WARN_BLOCK_CAPTURE_AUTORELEASING = YES;
				CLANG_WARN_BOOL_CONVERSION = YES;
				CLANG_WARN_COMMA = YES;
				CLANG_WARN_CONSTANT_CONVERSION = YES;
				CLANG_WARN_DEPRECATED_OBJC_IMPLEMENTATIONS = YES;
				CLANG_WARN_DIRECT_OBJC_ISA_USAGE = YES_ERROR;
				CLANG_WARN_DOCUMENTATION_COMMENTS = YES;
				CLANG_WARN_EMPTY_BODY = YES;
				CLANG_WARN_ENUM_CONVERSION = YES;
				CLANG_WARN_INFINITE_RECURSION = YES;
				CLANG_WARN_INT_CONVERSION = YES;
				CLANG_WARN_NON_LITERAL_NULL_CONVERSION = YES;
				CLANG_WARN_OBJC_IMPLICIT_RETAIN_SELF = YES;
				CLANG_WARN_OBJC_LITERAL_CONVERSION = YES;
				CLANG_WARN_OBJC_ROOT_CLASS = YES_ERROR;
				CLANG_WARN_QUOTED_INCLUDE_IN_FRAMEWORK_HEADER = YES;
				CLANG_WARN_RANGE_LOOP_ANALYSIS = YES;
				CLANG_WARN_STRICT_PROTOTYPES = YES;
				CLANG_WARN_SUSPICIOUS_MOVE = YES;
				CLANG_WARN_UNGUARDED_AVAILABILITY = YES_AGGRESSIVE;
				CLANG_WARN_UNREACHABLE_CODE = YES;
				CLANG_WARN__DUPLICATE_METHOD_MATCH = YES;
				COPY_PHASE_STRIP = NO;
				DEBUG_INFORMATION_FORMAT = "dwarf-with-dsym";
				ENABLE_NS_ASSERTIONS = NO;
				ENABLE_STRICT_OBJC_MSGSEND = YES;
				ENABLE_USER_SCRIPT_SANDBOXING = YES;
				GCC_C_LANGUAGE_STANDARD = gnu17;
				GCC_NO_COMMON_BLOCKS = YES;
				GCC_WARN_64_TO_32_BIT_CONVERSION = YES;
				GCC_WARN_ABOUT_RETURN_TYPE = YES_ERROR;
				GCC_WARN_UNDECLARED_SELECTOR = YES;
				GCC_WARN_UNINITIALIZED_AUTOS = YES_AGGRESSIVE;
				GCC_WARN_UNUSED_FUNCTION = YES;
				GCC_WARN_UNUSED_VARIABLE = YES;
				IPHONEOS_DEPLOYMENT_TARGET = 18.4;
				LOCALIZATION_PREFERS_STRING_CATALOGS = YES;
				MTL_ENABLE_DEBUG_INFO = NO;
				MTL_FAST_MATH = YES;
				SDKROOT = iphoneos;
				SWIFT_COMPILATION_MODE = wholemodule;
				VALIDATE_PRODUCT = YES;
			};
			name = Release;
		};
		1C97CC0E2DD1FC0200D381B8 /* Debug */ = {
			isa = XCBuildConfiguration;
			buildSettings = {
				ASSETCATALOG_COMPILER_APPICON_NAME = AppIcon;
				ASSETCATALOG_COMPILER_GLOBAL_ACCENT_COLOR_NAME = AccentColor;
				CODE_SIGN_STYLE = Automatic;
				CURRENT_PROJECT_VERSION = 1;
				ENABLE_PREVIEWS = YES;
				GENERATE_INFOPLIST_FILE = YES;
				INFOPLIST_KEY_UIApplicationSceneManifest_Generation = YES;
				INFOPLIST_KEY_UIApplicationSupportsIndirectInputEvents = YES;
				INFOPLIST_KEY_UILaunchScreen_Generation = YES;
				INFOPLIST_KEY_UISupportedInterfaceOrientations_iPad = "UIInterfaceOrientationPortrait UIInterfaceOrientationPortraitUpsideDown UIInterfaceOrientationLandscapeLeft UIInterfaceOrientationLandscapeRight";
				INFOPLIST_KEY_UISupportedInterfaceOrientations_iPhone = "UIInterfaceOrientationPortrait UIInterfaceOrientationLandscapeLeft UIInterfaceOrientationLandscapeRight";
				LD_RUNPATH_SEARCH_PATHS = (
					"$(inherited)",
					"@executable_path/Frameworks",
				);
				MARKETING_VERSION = 1.0;
				PRODUCT_BUNDLE_IDENTIFIER = "com.mvpsales.iOS-Boilerplate";
				PRODUCT_NAME = "$(TARGET_NAME)";
				SWIFT_EMIT_LOC_STRINGS = YES;
				SWIFT_VERSION = 5.0;
				TARGETED_DEVICE_FAMILY = "1,2";
			};
			name = Debug;
		};
		1C97CC0F2DD1FC0200D381B8 /* Release */ = {
			isa = XCBuildConfiguration;
			buildSettings = {
				ASSETCATALOG_COMPILER_APPICON_NAME = AppIcon;
				ASSETCATALOG_COMPILER_GLOBAL_ACCENT_COLOR_NAME = AccentColor;
				CODE_SIGN_STYLE = Automatic;
				CURRENT_PROJECT_VERSION = 1;
				ENABLE_PREVIEWS = YES;
				GENERATE_INFOPLIST_FILE = YES;
				INFOPLIST_KEY_UIApplicationSceneManifest_Generation = YES;
				INFOPLIST_KEY_UIApplicationSupportsIndirectInputEvents = YES;
				INFOPLIST_KEY_UILaunchScreen_Generation = YES;
				INFOPLIST_KEY_UISupportedInterfaceOrientations_iPad = "UIInterfaceOrientationPortrait UIInterfaceOrientationPortraitUpsideDown UIInterfaceOrientationLandscapeLeft UIInterfaceOrientationLandscapeRight";
				INFOPLIST_KEY_UISupportedInterfaceOrientations_iPhone = "UIInterfaceOrientationPortrait UIInterfaceOrientationLandscapeLeft UIInterfaceOrientationLandscapeRight";
				LD_RUNPATH_SEARCH_PATHS = (
					"$(inherited)",
					"@executable_path/Frameworks",
				);
				MARKETING_VERSION = 1.0;
				PRODUCT_BUNDLE_IDENTIFIER = "com.mvpsales.iOS-Boilerplate";
				PRODUCT_NAME = "$(TARGET_NAME)";
				SWIFT_EMIT_LOC_STRINGS = YES;
				SWIFT_VERSION = 5.0;
				TARGETED_DEVICE_FAMILY = "1,2";
			};
			name = Release;
		};
		1C97CC112DD1FC0200D381B8 /* Debug */ = {
			isa = XCBuildConfiguration;
			buildSettings = {
				BUNDLE_LOADER = "$(TEST_HOST)";
				CODE_SIGN_STYLE = Automatic;
				CURRENT_PROJECT_VERSION = 1;
				GENERATE_INFOPLIST_FILE = YES;
				IPHONEOS_DEPLOYMENT_TARGET = 18.4;
				MARKETING_VERSION = 1.0;
				PRODUCT_BUNDLE_IDENTIFIER = "com.mvpsales.iOS-BoilerplateTests";
				PRODUCT_NAME = "$(TARGET_NAME)";
				SWIFT_EMIT_LOC_STRINGS = NO;
				SWIFT_VERSION = 5.0;
				TARGETED_DEVICE_FAMILY = "1,2";
				TEST_HOST = "$(BUILT_PRODUCTS_DIR)/iOS-Boilerplate.app/$(BUNDLE_EXECUTABLE_FOLDER_PATH)/iOS-Boilerplate";
			};
			name = Debug;
		};
		1C97CC122DD1FC0200D381B8 /* Release */ = {
			isa = XCBuildConfiguration;
			buildSettings = {
				BUNDLE_LOADER = "$(TEST_HOST)";
				CODE_SIGN_STYLE = Automatic;
				CURRENT_PROJECT_VERSION = 1;
				GENERATE_INFOPLIST_FILE = YES;
				IPHONEOS_DEPLOYMENT_TARGET = 18.4;
				MARKETING_VERSION = 1.0;
				PRODUCT_BUNDLE_IDENTIFIER = "com.mvpsales.iOS-BoilerplateTests";
				PRODUCT_NAME = "$(TARGET_NAME)";
				SWIFT_EMIT_LOC_STRINGS = NO;
				SWIFT_VERSION = 5.0;
				TARGETED_DEVICE_FAMILY = "1,2";
				TEST_HOST = "$(BUILT_PRODUCTS_DIR)/iOS-Boilerplate.app/$(BUNDLE_EXECUTABLE_FOLDER_PATH)/iOS-Boilerplate";
			};
			name = Release;
		};
		1C97CC142DD1FC0200D381B8 /* Debug */ = {
			isa = XCBuildConfiguration;
			buildSettings = {
				CODE_SIGN_STYLE = Automatic;
				CURRENT_PROJECT_VERSION = 1;
				GENERATE_INFOPLIST_FILE = YES;
				MARKETING_VERSION = 1.0;
				PRODUCT_BUNDLE_IDENTIFIER = "com.mvpsales.iOS-BoilerplateUITests";
				PRODUCT_NAME = "$(TARGET_NAME)";
				SWIFT_EMIT_LOC_STRINGS = NO;
				SWIFT_VERSION = 5.0;
				TARGETED_DEVICE_FAMILY = "1,2";
				TEST_TARGET_NAME = "iOS-Boilerplate";
			};
			name = Debug;
		};
		1C97CC152DD1FC0200D381B8 /* Release */ = {
			isa = XCBuildConfiguration;
			buildSettings = {
				CODE_SIGN_STYLE = Automatic;
				CURRENT_PROJECT_VERSION = 1;
				GENERATE_INFOPLIST_FILE = YES;
				MARKETING_VERSION = 1.0;
				PRODUCT_BUNDLE_IDENTIFIER = "com.mvpsales.iOS-BoilerplateUITests";
				PRODUCT_NAME = "$(TARGET_NAME)";
				SWIFT_EMIT_LOC_STRINGS = NO;
				SWIFT_VERSION = 5.0;
				TARGETED_DEVICE_FAMILY = "1,2";
				TEST_TARGET_NAME = "iOS-Boilerplate";
			};
			name = Release;
		};
/* End XCBuildConfiguration section */

/* Begin XCConfigurationList section */
		1C97CBE52DD1FC0100D381B8 /* Build configuration list for PBXProject "iOS-Boilerplate" */ = {
			isa = XCConfigurationList;
			buildConfigurations = (
				1C97CC0B2DD1FC0200D381B8 /* Debug */,
				1C97CC0C2DD1FC0200D381B8 /* Release */,
			);
			defaultConfigurationIsVisible = 0;
			defaultConfigurationName = Release;
		};
		1C97CC0D2DD1FC0200D381B8 /* Build configuration list for PBXNativeTarget "iOS-Boilerplate" */ = {
			isa = XCConfigurationList;
			buildConfigurations = (
				1C97CC0E2DD1FC0200D381B8 /* Debug */,
				1C97CC0F2DD1FC0200D381B8 /* Release */,
			);
			defaultConfigurationIsVisible = 0;
			defaultConfigurationName = Release;
		};
		1C97CC102DD1FC0200D381B8 /* Build configuration list for PBXNativeTarget "iOS-BoilerplateTests" */ = {
			isa = XCConfigurationList;
			buildConfigurations = (
				1C97CC112DD1FC0200D381B8 /* Debug */,
				1C97CC122DD1FC0200D381B8 /* Release */,
			);
			defaultConfigurationIsVisible = 0;
			defaultConfigurationName = Release;
		};
		1C97CC132DD1FC0200D381B8 /* Build configuration list for PBXNativeTarget "iOS-BoilerplateUITests" */ = {
			isa = XCConfigurationList;
			buildConfigurations = (
				1C97CC142DD1FC0200D381B8 /* Debug */,
				1C97CC152DD1FC0200D381B8 /* Release */,
			);
			defaultConfigurationIsVisible = 0;
			defaultConfigurationName = Release;
		};
/* End XCConfigurationList section */
	};
	rootObject = 1C97CBE22DD1FC0100D381B8 /* Project object */;
}
